{
  "requires": true,
  "lockfileVersion": 1,
  "dependencies": {
    "@ryangjchandler/alpine-clipboard": {
      "version": "1.0.0",
      "resolved": "https://registry.npmjs.org/@ryangjchandler/alpine-clipboard/-/alpine-clipboard-1.0.0.tgz",
      "integrity": "sha512-iN6CBq8L01JCT67MKIvoqIP7c79c0OaX7v4BZzVCc/OwTl+8M3K73ps9veof0lx55P7G6xDD91qTUpRD3iqMtw==",
      "requires": {
        "alpinejs": "^2.6.0"
      }
    },
    "@types/geojson": {
      "version": "7946.0.8",
      "resolved": "https://registry.npmjs.org/@types/geojson/-/geojson-7946.0.8.tgz",
      "integrity": "sha512-1rkryxURpr6aWP7R786/UQOkJ3PcpQiWkAXBmdWc7ryFWqN6a4xfK7BtjXvFBKO9LjQ+MWQSWxYeZX1OApnArA=="
    },
    "@types/leaflet": {
      "version": "1.7.4",
      "resolved": "https://registry.npmjs.org/@types/leaflet/-/leaflet-1.7.4.tgz",
      "integrity": "sha512-a3qYlMwJ62+WRoiDmYODUD4KywA14jP2XohAkAWtELGuMAD3MohZa/MmIvQDqF52xNI9OYaY8BMsL+9z7yf2HQ==",
      "requires": {
        "@types/geojson": "*"
      }
    },
    "alpinejs": {
      "version": "2.8.2",
      "resolved": "https://registry.npmjs.org/alpinejs/-/alpinejs-2.8.2.tgz",
      "integrity": "sha512-5yOUtckn4CBp0qsHpo2qgjZyZit84uXvHbB7NJ27sn4FA6UlFl2i9PGUAdTXkcbFvvxDJBM+zpOD8RuNYFvQAw=="
    },
    "chart.js": {
      "version": "3.5.0",
      "resolved": "https://registry.npmjs.org/chart.js/-/chart.js-3.5.0.tgz",
      "integrity": "sha512-J1a4EAb1Gi/KbhwDRmoovHTRuqT8qdF0kZ4XgwxpGethJHUdDrkqyPYwke0a+BuvSeUxPf8Cos6AX2AB8H8GLA=="
    },
    "leaflet": {
      "version": "1.7.1",
      "resolved": "https://registry.npmjs.org/leaflet/-/leaflet-1.7.1.tgz",
      "integrity": "sha512-/xwPEBidtg69Q3HlqPdU3DnrXQOvQU/CCHA1tcDQVzOwm91YMYaILjNp7L4Eaw5Z4sOYdbBz6koWyibppd8Zqw=="
    },
    "leaflet-makimarkers": {
      "version": "3.1.0",
      "resolved": "https://registry.npmjs.org/leaflet-makimarkers/-/leaflet-makimarkers-3.1.0.tgz",
      "integrity": "sha1-ts+JsWEVO6yHRvFXJtqievrmEXw=",
      "requires": {
        "leaflet": ">=0.5.0"
      }
    },
    "topbar": {
      "version": "0.1.4",
      "resolved": "https://registry.npmjs.org/topbar/-/topbar-0.1.4.tgz",
      "integrity": "sha512-P3n4WnN4GFd2mQXDo30rQmsAGe4V1bVkggtTreSbNyL50Fyc+eVkW5oatSLeGQmJoan2TLIgoXUZypN+6nw4MQ=="
    },
    "tributejs": {
      "version": "5.1.3",
      "resolved": "https://registry.npmjs.org/tributejs/-/tributejs-5.1.3.tgz",
      "integrity": "sha512-B5CXihaVzXw+1UHhNFyAwUTMDk1EfoLP5Tj1VhD9yybZ1I8DZJEv8tZ1l0RJo0t0tk9ZhR8eG5tEsaCvRigmdQ=="
    }
  }
}
