{
  "requires": true,
  "lockfileVersion": 1,
  "dependencies": {
    "@fortawesome/fontawesome-common-types": {
      "version": "0.2.36",
      "resolved": "https://registry.npmjs.org/@fortawesome/fontawesome-common-types/-/fontawesome-common-types-0.2.36.tgz",
      "integrity": "sha512-a/7BiSgobHAgBWeN7N0w+lAhInrGxksn13uK7231n2m8EDPE3BMCl9NZLTGrj9ZXfCmC6LM0QLqXidIizVQ6yg=="
    },
    "@fortawesome/fontawesome-svg-core": {
      "version": "1.2.36",
      "resolved": "https://registry.npmjs.org/@fortawesome/fontawesome-svg-core/-/fontawesome-svg-core-1.2.36.tgz",
      "integrity": "sha512-YUcsLQKYb6DmaJjIHdDWpBIGCcyE/W+p/LMGvjQem55Mm2XWVAP5kWTMKWLv9lwpCVjpLxPyOMOyUocP1GxrtA==",
      "requires": {
        "@fortawesome/fontawesome-common-types": "^0.2.36"
      }
    },
    "@fortawesome/free-regular-svg-icons": {
      "version": "5.15.4",
      "resolved": "https://registry.npmjs.org/@fortawesome/free-regular-svg-icons/-/free-regular-svg-icons-5.15.4.tgz",
      "integrity": "sha512-9VNNnU3CXHy9XednJ3wzQp6SwNwT3XaM26oS4Rp391GsxVYA+0oDR2J194YCIWf7jNRCYKjUCOduxdceLrx+xw==",
      "requires": {
        "@fortawesome/fontawesome-common-types": "^0.2.36"
      }
    },
    "@fortawesome/free-solid-svg-icons": {
      "version": "5.15.4",
      "resolved": "https://registry.npmjs.org/@fortawesome/free-solid-svg-icons/-/free-solid-svg-icons-5.15.4.tgz",
      "integrity": "sha512-JLmQfz6tdtwxoihXLg6lT78BorrFyCf59SAwBM6qV/0zXyVeDygJVb3fk+j5Qat+Yvcxp1buLTY5iDh1ZSAQ8w==",
      "requires": {
        "@fortawesome/fontawesome-common-types": "^0.2.36"
      }
    },
    "@joeattardi/emoji-button": {
      "version": "4.6.2",
      "resolved": "https://registry.npmjs.org/@joeattardi/emoji-button/-/emoji-button-4.6.2.tgz",
      "integrity": "sha512-FhuzTmW3nVHLVp2BJfNX17CYV77fqtKZlx328D4h6Dw3cPTT1gJRNXN0jV7BvHgsl6Q/tN8DIQQxTUIO4jW3gQ==",
      "requires": {
        "@fortawesome/fontawesome-svg-core": "^1.2.28",
        "@fortawesome/free-regular-svg-icons": "^5.13.0",
        "@fortawesome/free-solid-svg-icons": "^5.13.0",
        "@popperjs/core": "^2.4.0",
        "@types/twemoji": "^12.1.1",
        "escape-html": "^1.0.3",
        "focus-trap": "^5.1.0",
        "fuzzysort": "^1.1.4",
        "tiny-emitter": "^2.1.0",
        "tslib": "^2.0.0",
        "twemoji": "^13.0.0"
      }
    },
    "@popperjs/core": {
      "version": "2.11.2",
      "resolved": "https://registry.npmjs.org/@popperjs/core/-/core-2.11.2.tgz",
      "integrity": "sha512-92FRmppjjqz29VMJ2dn+xdyXZBrMlE42AV6Kq6BwjWV7CNUW1hs2FtxSNLQE+gJhaZ6AAmYuO9y8dshhcBl7vA=="
    },
    "@ryangjchandler/alpine-clipboard": {
      "version": "1.0.0",
      "resolved": "https://registry.npmjs.org/@ryangjchandler/alpine-clipboard/-/alpine-clipboard-1.0.0.tgz",
      "integrity": "sha512-iN6CBq8L01JCT67MKIvoqIP7c79c0OaX7v4BZzVCc/OwTl+8M3K73ps9veof0lx55P7G6xDD91qTUpRD3iqMtw==",
      "requires": {
        "alpinejs": "^2.6.0"
      }
    },
    "@types/geojson": {
      "version": "7946.0.8",
      "resolved": "https://registry.npmjs.org/@types/geojson/-/geojson-7946.0.8.tgz",
      "integrity": "sha512-1rkryxURpr6aWP7R786/UQOkJ3PcpQiWkAXBmdWc7ryFWqN6a4xfK7BtjXvFBKO9LjQ+MWQSWxYeZX1OApnArA=="
    },
    "@types/leaflet": {
      "version": "1.7.4",
      "resolved": "https://registry.npmjs.org/@types/leaflet/-/leaflet-1.7.4.tgz",
      "integrity": "sha512-a3qYlMwJ62+WRoiDmYODUD4KywA14jP2XohAkAWtELGuMAD3MohZa/MmIvQDqF52xNI9OYaY8BMsL+9z7yf2HQ==",
      "requires": {
        "@types/geojson": "*"
      }
    },
    "@types/twemoji": {
      "version": "12.1.2",
      "resolved": "https://registry.npmjs.org/@types/twemoji/-/twemoji-12.1.2.tgz",
      "integrity": "sha512-3eMyKenMi0R1CeKzBYtk/Z2JIHsTMQrIrTah0q54o45pHTpWVNofU2oHx0jS8tqsDRhis2TbB6238WP9oh2l2w=="
    },
    "alpinejs": {
      "version": "2.8.2",
      "resolved": "https://registry.npmjs.org/alpinejs/-/alpinejs-2.8.2.tgz",
      "integrity": "sha512-5yOUtckn4CBp0qsHpo2qgjZyZit84uXvHbB7NJ27sn4FA6UlFl2i9PGUAdTXkcbFvvxDJBM+zpOD8RuNYFvQAw=="
    },
    "chart.js": {
      "version": "3.5.0",
      "resolved": "https://registry.npmjs.org/chart.js/-/chart.js-3.5.0.tgz",
      "integrity": "sha512-J1a4EAb1Gi/KbhwDRmoovHTRuqT8qdF0kZ4XgwxpGethJHUdDrkqyPYwke0a+BuvSeUxPf8Cos6AX2AB8H8GLA=="
    },
    "escape-html": {
      "version": "1.0.3",
      "resolved": "https://registry.npmjs.org/escape-html/-/escape-html-1.0.3.tgz",
      "integrity": "sha1-Aljq5NPQwJdN4cFpGI7wBR0dGYg="
    },
    "focus-trap": {
      "version": "5.1.0",
      "resolved": "https://registry.npmjs.org/focus-trap/-/focus-trap-5.1.0.tgz",
      "integrity": "sha512-CkB/nrO55069QAUjWFBpX6oc+9V90Qhgpe6fBWApzruMq5gnlh90Oo7iSSDK7pKiV5ugG6OY2AXM5mxcmL3lwQ==",
      "requires": {
        "tabbable": "^4.0.0",
        "xtend": "^4.0.1"
      }
    },
    "fs-extra": {
      "version": "8.1.0",
      "resolved": "https://registry.npmjs.org/fs-extra/-/fs-extra-8.1.0.tgz",
      "integrity": "sha512-yhlQgA6mnOJUKOsRUFsgJdQCvkKhcz8tlZG5HBQfReYZy46OwLcY+Zia0mtdHsOo9y/hP+CxMN0TU9QxoOtG4g==",
      "requires": {
        "graceful-fs": "^4.2.0",
        "jsonfile": "^4.0.0",
        "universalify": "^0.1.0"
      },
      "dependencies": {
        "jsonfile": {
          "version": "4.0.0",
          "resolved": "https://registry.npmjs.org/jsonfile/-/jsonfile-4.0.0.tgz",
          "integrity": "sha1-h3Gq4HmbZAdrdmQPygWPnBDjPss=",
          "requires": {
            "graceful-fs": "^4.1.6"
          }
        }
      }
    },
    "fuzzysort": {
      "version": "1.1.4",
      "resolved": "https://registry.npmjs.org/fuzzysort/-/fuzzysort-1.1.4.tgz",
      "integrity": "sha512-JzK/lHjVZ6joAg3OnCjylwYXYVjRiwTY6Yb25LvfpJHK8bjisfnZJ5bY8aVWwTwCXgxPNgLAtmHL+Hs5q1ddLQ=="
    },
    "graceful-fs": {
      "version": "4.2.9",
      "resolved": "https://registry.npmjs.org/graceful-fs/-/graceful-fs-4.2.9.tgz",
      "integrity": "sha512-NtNxqUcXgpW2iMrfqSfR73Glt39K+BLwWsPs94yR63v45T0Wbej7eRmL5cWfwEgqXnmjQp3zaJTshdRW/qC2ZQ=="
    },
    "jsonfile": {
      "version": "5.0.0",
      "resolved": "https://registry.npmjs.org/jsonfile/-/jsonfile-5.0.0.tgz",
      "integrity": "sha512-NQRZ5CRo74MhMMC3/3r5g2k4fjodJ/wh8MxjFbCViWKFjxrnudWSY5vomh+23ZaXzAS7J3fBZIR2dV6WbmfM0w==",
      "requires": {
        "graceful-fs": "^4.1.6",
        "universalify": "^0.1.2"
      }
    },
    "leaflet": {
      "version": "1.7.1",
      "resolved": "https://registry.npmjs.org/leaflet/-/leaflet-1.7.1.tgz",
      "integrity": "sha512-/xwPEBidtg69Q3HlqPdU3DnrXQOvQU/CCHA1tcDQVzOwm91YMYaILjNp7L4Eaw5Z4sOYdbBz6koWyibppd8Zqw=="
    },
    "leaflet-makimarkers": {
      "version": "3.1.0",
      "resolved": "https://registry.npmjs.org/leaflet-makimarkers/-/leaflet-makimarkers-3.1.0.tgz",
      "integrity": "sha1-ts+JsWEVO6yHRvFXJtqievrmEXw=",
      "requires": {
        "leaflet": ">=0.5.0"
      }
    },
    "tabbable": {
      "version": "4.0.0",
      "resolved": "https://registry.npmjs.org/tabbable/-/tabbable-4.0.0.tgz",
      "integrity": "sha512-H1XoH1URcBOa/rZZWxLxHCtOdVUEev+9vo5YdYhC9tCY4wnybX+VQrCYuy9ubkg69fCBxCONJOSLGfw0DWMffQ=="
    },
    "tiny-emitter": {
      "version": "2.1.0",
      "resolved": "https://registry.npmjs.org/tiny-emitter/-/tiny-emitter-2.1.0.tgz",
      "integrity": "sha512-NB6Dk1A9xgQPMoGqC5CVXn123gWyte215ONT5Pp5a0yt4nlEoO1ZWeCwpncaekPHXO60i47ihFnZPiRPjRMq4Q=="
    },
    "topbar": {
      "version": "0.1.4",
      "resolved": "https://registry.npmjs.org/topbar/-/topbar-0.1.4.tgz",
      "integrity": "sha512-P3n4WnN4GFd2mQXDo30rQmsAGe4V1bVkggtTreSbNyL50Fyc+eVkW5oatSLeGQmJoan2TLIgoXUZypN+6nw4MQ=="
    },
    "tributejs": {
      "version": "5.1.3",
      "resolved": "https://registry.npmjs.org/tributejs/-/tributejs-5.1.3.tgz",
      "integrity": "sha512-B5CXihaVzXw+1UHhNFyAwUTMDk1EfoLP5Tj1VhD9yybZ1I8DZJEv8tZ1l0RJo0t0tk9ZhR8eG5tEsaCvRigmdQ=="
    },
    "tslib": {
      "version": "2.3.1",
      "resolved": "https://registry.npmjs.org/tslib/-/tslib-2.3.1.tgz",
      "integrity": "sha512-77EbyPPpMz+FRFRuAFlWMtmgUWGe9UOG2Z25NqCwiIjRhOf5iKGuzSe5P2w1laq+FkRy4p+PCuVkJSGkzTEKVw=="
    },
    "twemoji": {
      "version": "13.1.0",
      "resolved": "https://registry.npmjs.org/twemoji/-/twemoji-13.1.0.tgz",
      "integrity": "sha512-e3fZRl2S9UQQdBFLYXtTBT6o4vidJMnpWUAhJA+yLGR+kaUTZAt3PixC0cGvvxWSuq2MSz/o0rJraOXrWw/4Ew==",
      "requires": {
        "fs-extra": "^8.0.1",
        "jsonfile": "^5.0.0",
        "twemoji-parser": "13.1.0",
        "universalify": "^0.1.2"
      }
    },
    "twemoji-parser": {
      "version": "13.1.0",
      "resolved": "https://registry.npmjs.org/twemoji-parser/-/twemoji-parser-13.1.0.tgz",
      "integrity": "sha512-AQOzLJpYlpWMy8n+0ATyKKZzWlZBJN+G0C+5lhX7Ftc2PeEVdUU/7ns2Pn2vVje26AIZ/OHwFoUbdv6YYD/wGg=="
    },
    "universalify": {
      "version": "0.1.2",
      "resolved": "https://registry.npmjs.org/universalify/-/universalify-0.1.2.tgz",
      "integrity": "sha512-rBJeI5CXAlmy1pV+617WB9J63U6XcazHHF2f2dbJix4XzpUF0RS3Zbj0FGIOCAva5P/d/GBOYaACQ1w+0azUkg=="
    },
    "xtend": {
      "version": "4.0.2",
      "resolved": "https://registry.npmjs.org/xtend/-/xtend-4.0.2.tgz",
      "integrity": "sha512-LKYU1iAXJXUgAXn9URjiu+MWhyUXHsvfp7mcuYm9dSUKK0/CjtrUwFAxD82/mCWbtLsGjFIad0wIsod4zrTAEQ=="
    }
  }
}
